PODS:
  - FBSnapshotTestCase (2.1.4):
    - FBSnapshotTestCase/SwiftSupport (= 2.1.4)
  - FBSnapshotTestCase/Core (2.1.4)
  - FBSnapshotTestCase/SwiftSupport (2.1.4):
    - FBSnapshotTestCase/Core
  - KMNumber (0.1.2)

DEPENDENCIES:
  - FBSnapshotTestCase (~> 2.1.4)
  - KMNumber (from `../`)

SPEC REPOS:
  trunk:
    - FBSnapshotTestCase

EXTERNAL SOURCES:
  KMNumber:
    :path: "../"

SPEC CHECKSUMS:
  FBSnapshotTestCase: 094f9f314decbabe373b87cc339bea235a63e07a
  KMNumber: fb394da82489bc9c66c17ca1c498dfb15caab5ef

PODFILE CHECKSUM: d5a4e5c9a8e93b9f6dac5f9b08701cea4e4f6ba5

COCOAPODS: 1.8.4
